
Microsoft Visual Studio Solution File, Format Version 12.00
# Visual Studio Version 17
VisualStudioVersion = 17.8.34330.188
MinimumVisualStudioVersion = 10.0.40219.1
Project("{FAE04EC0-301F-11D3-BF4B-00C04F79EFBC}") = "SampleProject.API", "SampleProject\SampleProject.API.csproj", "{4C1CCB8D-00B5-4C61-BA2E-810A74DD65F1}"
EndProject
Project("{FAE04EC0-301F-11D3-BF4B-00C04F79EFBC}") = "SampleProject.API.Model", "SampleProject.API.Model\SampleProject.API.Model.csproj", "{18ECB6A5-160E-4D4B-BA01-A6E4D356C6F3}"
EndProject
Project("{FAE04EC0-301F-11D3-BF4B-00C04F79EFBC}") = "SampleProject.Domain", "SampleProject.Domain\SampleProject.Domain.csproj", "{D9E01A20-E3E3-4133-8175-F5CBB0313B76}"
EndProject
Global
	GlobalSection(SolutionConfigurationPlatforms) = preSolution
		Debug|Any CPU = Debug|Any CPU
		Release|Any CPU = Release|Any CPU
	EndGlobalSection
	GlobalSection(ProjectConfigurationPlatforms) = postSolution
		{4C1CCB8D-00B5-4C61-BA2E-810A74DD65F1}.Debug|Any CPU.ActiveCfg = Debug|Any CPU
		{4C1CCB8D-00B5-4C61-BA2E-810A74DD65F1}.Debug|Any CPU.Build.0 = Debug|Any CPU
		{4C1CCB8D-00B5-4C61-BA2E-810A74DD65F1}.Release|Any CPU.ActiveCfg = Release|Any CPU
		{4C1CCB8D-00B5-4C61-BA2E-810A74DD65F1}.Release|Any CPU.Build.0 = Release|Any CPU
		{18ECB6A5-160E-4D4B-BA01-A6E4D356C6F3}.Debug|Any CPU.ActiveCfg = Debug|Any CPU
		{18ECB6A5-160E-4D4B-BA01-A6E4D356C6F3}.Debug|Any CPU.Build.0 = Debug|Any CPU
		{18ECB6A5-160E-4D4B-BA01-A6E4D356C6F3}.Release|Any CPU.ActiveCfg = Release|Any CPU
		{18ECB6A5-160E-4D4B-BA01-A6E4D356C6F3}.Release|Any CPU.Build.0 = Release|Any CPU
		{D9E01A20-E3E3-4133-8175-F5CBB0313B76}.Debug|Any CPU.ActiveCfg = Debug|Any CPU
		{D9E01A20-E3E3-4133-8175-F5CBB0313B76}.Debug|Any CPU.Build.0 = Debug|Any CPU
		{D9E01A20-E3E3-4133-8175-F5CBB0313B76}.Release|Any CPU.ActiveCfg = Release|Any CPU
		{D9E01A20-E3E3-4133-8175-F5CBB0313B76}.Release|Any CPU.Build.0 = Release|Any CPU
	EndGlobalSection
	GlobalSection(SolutionProperties) = preSolution
		HideSolutionNode = FALSE
	EndGlobalSection
	GlobalSection(ExtensibilityGlobals) = postSolution
		SolutionGuid = {18331C45-397E-432C-9D70-2FEB9B60EF21}
	EndGlobalSection
EndGlobal
